
Microsoft Visual Studio Solution File, Format Version 12.00
# Visual Studio 14
VisualStudioVersion = 14.0.25420.1
MinimumVisualStudioVersion = 10.0.40219.1
Project("{8BC9CEB8-8B4A-11D0-8D11-00A0C91BC942}") = "VC_FANFUHAN_OPENCV001", "VC_FANFUHAN_OPENCV001\VC_FANFUHAN_OPENCV001.vcxproj", "{0E4CC25B-727F-4DD3-B6DE-B49092B70D2B}"
EndProject
Project("{8BC9CEB8-8B4A-11D0-8D11-00A0C91BC942}") = "VC_FANFUHAN_OPENCV002", "VC_FANFUHAN_OPENCV002\VC_FANFUHAN_OPENCV002.vcxproj", "{7B8DF9A1-8BE8-40D7-9C7F-6B054BC122BF}"
EndProject
Project("{8BC9CEB8-8B4A-11D0-8D11-00A0C91BC942}") = "VC_FANFUHAN_OPENCV003", "VC_FANFUHAN_OPENCV003\VC_FANFUHAN_OPENCV003.vcxproj", "{EF22B071-A035-4E04-B8E2-6380481508F4}"
EndProject
Project("{8BC9CEB8-8B4A-11D0-8D11-00A0C91BC942}") = "VC_FANFUHAN_OPENCV004", "VC_FANFUHAN_OPENCV004\VC_FANFUHAN_OPENCV004.vcxproj", "{256F75C6-E58B-4BBB-87AB-375FC04F9A5E}"
EndProject
Project("{8BC9CEB8-8B4A-11D0-8D11-00A0C91BC942}") = "VC_FANFUHAN_OPENCV005", "VC_FANFUHAN_OPENCV005\VC_FANFUHAN_OPENCV005.vcxproj", "{D01D62EF-E981-4119-ADF1-56C6EE188954}"
EndProject
Project("{8BC9CEB8-8B4A-11D0-8D11-00A0C91BC942}") = "VC_FANFUHAN_OPENCV006", "VC_FANFUHAN_OPENCV006\VC_FANFUHAN_OPENCV006.vcxproj", "{682F949B-1A4B-4D43-B646-C79A2CF4F05E}"
EndProject
Project("{8BC9CEB8-8B4A-11D0-8D11-00A0C91BC942}") = "VC_FANFUHAN_OPENCV007", "VC_FANFUHAN_OPENCV007\VC_FANFUHAN_OPENCV007.vcxproj", "{19DBC4FF-F015-4AD2-B4CC-5A32DF131C06}"
EndProject
Project("{8BC9CEB8-8B4A-11D0-8D11-00A0C91BC942}") = "VC_FANFUHAN_OPENCV008", "VC_FANFUHAN_OPENCV008\VC_FANFUHAN_OPENCV008.vcxproj", "{8F1092BA-3FB1-487B-AD34-55D86F9F27B6}"
EndProject
Project("{8BC9CEB8-8B4A-11D0-8D11-00A0C91BC942}") = "VC_FANFUHAN_OPENCV009", "VC_FANFUHAN_OPENCV009\VC_FANFUHAN_OPENCV009.vcxproj", "{2D01AC1A-9FDC-4AF3-A0D2-3916337A07F1}"
EndProject
Project("{8BC9CEB8-8B4A-11D0-8D11-00A0C91BC942}") = "VC_FANFUHAN_OPENCV010", "VC_FANFUHAN_OPENCV010\VC_FANFUHAN_OPENCV010.vcxproj", "{A2772149-6B9D-475A-BA06-D83C072A5507}"
EndProject
Project("{8BC9CEB8-8B4A-11D0-8D11-00A0C91BC942}") = "VC_FANFUHAN_OPENCV011", "VC_FANFUHAN_OPENCV011\VC_FANFUHAN_OPENCV011.vcxproj", "{EBE8D6DF-8F75-4C10-B492-ADE1255B143D}"
EndProject
Project("{8BC9CEB8-8B4A-11D0-8D11-00A0C91BC942}") = "VC_FANFUHAN_OPENCV012", "VC_FANFUHAN_OPENCV012\VC_FANFUHAN_OPENCV012.vcxproj", "{13952D11-C055-4A1C-9174-3DB4024B8144}"
EndProject
Project("{8BC9CEB8-8B4A-11D0-8D11-00A0C91BC942}") = "VC_FANFUHAN_OPENCV013", "VC_FANFUHAN_OPENCV013\VC_FANFUHAN_OPENCV013.vcxproj", "{6616A727-05AD-4C0A-BEE8-60B147CE3F0F}"
EndProject
Project("{8BC9CEB8-8B4A-11D0-8D11-00A0C91BC942}") = "VC_FANFUHAN_OPENCV014", "VC_FANFUHAN_OPENCV014\VC_FANFUHAN_OPENCV014.vcxproj", "{10AADCCC-D713-42D5-A75D-E7DE58FE124D}"
EndProject
Project("{8BC9CEB8-8B4A-11D0-8D11-00A0C91BC942}") = "VC_FANFUHAN_OPENCV015", "VC_FANFUHAN_OPENCV015\VC_FANFUHAN_OPENCV015.vcxproj", "{40F2B910-9E62-4F46-99C2-794DECEB64A7}"
EndProject
Global
	GlobalSection(SolutionConfigurationPlatforms) = preSolution
		Debug|x64 = Debug|x64
		Debug|x86 = Debug|x86
		Release|x64 = Release|x64
		Release|x86 = Release|x86
	EndGlobalSection
	GlobalSection(ProjectConfigurationPlatforms) = postSolution
		{0E4CC25B-727F-4DD3-B6DE-B49092B70D2B}.Debug|x64.ActiveCfg = Debug|x64
		{0E4CC25B-727F-4DD3-B6DE-B49092B70D2B}.Debug|x64.Build.0 = Debug|x64
		{0E4CC25B-727F-4DD3-B6DE-B49092B70D2B}.Debug|x86.ActiveCfg = Debug|Win32
		{0E4CC25B-727F-4DD3-B6DE-B49092B70D2B}.Debug|x86.Build.0 = Debug|Win32
		{0E4CC25B-727F-4DD3-B6DE-B49092B70D2B}.Release|x64.ActiveCfg = Release|x64
		{0E4CC25B-727F-4DD3-B6DE-B49092B70D2B}.Release|x64.Build.0 = Release|x64
		{0E4CC25B-727F-4DD3-B6DE-B49092B70D2B}.Release|x86.ActiveCfg = Release|Win32
		{0E4CC25B-727F-4DD3-B6DE-B49092B70D2B}.Release|x86.Build.0 = Release|Win32
		{7B8DF9A1-8BE8-40D7-9C7F-6B054BC122BF}.Debug|x64.ActiveCfg = Debug|x64
		{7B8DF9A1-8BE8-40D7-9C7F-6B054BC122BF}.Debug|x64.Build.0 = Debug|x64
		{7B8DF9A1-8BE8-40D7-9C7F-6B054BC122BF}.Debug|x86.ActiveCfg = Debug|Win32
		{7B8DF9A1-8BE8-40D7-9C7F-6B054BC122BF}.Debug|x86.Build.0 = Debug|Win32
		{7B8DF9A1-8BE8-40D7-9C7F-6B054BC122BF}.Release|x64.ActiveCfg = Release|x64
		{7B8DF9A1-8BE8-40D7-9C7F-6B054BC122BF}.Release|x64.Build.0 = Release|x64
		{7B8DF9A1-8BE8-40D7-9C7F-6B054BC122BF}.Release|x86.ActiveCfg = Release|Win32
		{7B8DF9A1-8BE8-40D7-9C7F-6B054BC122BF}.Release|x86.Build.0 = Release|Win32
		{EF22B071-A035-4E04-B8E2-6380481508F4}.Debug|x64.ActiveCfg = Debug|x64
		{EF22B071-A035-4E04-B8E2-6380481508F4}.Debug|x64.Build.0 = Debug|x64
		{EF22B071-A035-4E04-B8E2-6380481508F4}.Debug|x86.ActiveCfg = Debug|Win32
		{EF22B071-A035-4E04-B8E2-6380481508F4}.Debug|x86.Build.0 = Debug|Win32
		{EF22B071-A035-4E04-B8E2-6380481508F4}.Release|x64.ActiveCfg = Release|x64
		{EF22B071-A035-4E04-B8E2-6380481508F4}.Release|x64.Build.0 = Release|x64
		{EF22B071-A035-4E04-B8E2-6380481508F4}.Release|x86.ActiveCfg = Release|Win32
		{EF22B071-A035-4E04-B8E2-6380481508F4}.Release|x86.Build.0 = Release|Win32
		{256F75C6-E58B-4BBB-87AB-375FC04F9A5E}.Debug|x64.ActiveCfg = Debug|x64
		{256F75C6-E58B-4BBB-87AB-375FC04F9A5E}.Debug|x64.Build.0 = Debug|x64
		{256F75C6-E58B-4BBB-87AB-375FC04F9A5E}.Debug|x86.ActiveCfg = Debug|Win32
		{256F75C6-E58B-4BBB-87AB-375FC04F9A5E}.Debug|x86.Build.0 = Debug|Win32
		{256F75C6-E58B-4BBB-87AB-375FC04F9A5E}.Release|x64.ActiveCfg = Release|x64
		{256F75C6-E58B-4BBB-87AB-375FC04F9A5E}.Release|x64.Build.0 = Release|x64
		{256F75C6-E58B-4BBB-87AB-375FC04F9A5E}.Release|x86.ActiveCfg = Release|Win32
		{256F75C6-E58B-4BBB-87AB-375FC04F9A5E}.Release|x86.Build.0 = Release|Win32
		{D01D62EF-E981-4119-ADF1-56C6EE188954}.Debug|x64.ActiveCfg = Debug|x64
		{D01D62EF-E981-4119-ADF1-56C6EE188954}.Debug|x64.Build.0 = Debug|x64
		{D01D62EF-E981-4119-ADF1-56C6EE188954}.Debug|x86.ActiveCfg = Debug|Win32
		{D01D62EF-E981-4119-ADF1-56C6EE188954}.Debug|x86.Build.0 = Debug|Win32
		{D01D62EF-E981-4119-ADF1-56C6EE188954}.Release|x64.ActiveCfg = Release|x64
		{D01D62EF-E981-4119-ADF1-56C6EE188954}.Release|x64.Build.0 = Release|x64
		{D01D62EF-E981-4119-ADF1-56C6EE188954}.Release|x86.ActiveCfg = Release|Win32
		{D01D62EF-E981-4119-ADF1-56C6EE188954}.Release|x86.Build.0 = Release|Win32
		{682F949B-1A4B-4D43-B646-C79A2CF4F05E}.Debug|x64.ActiveCfg = Debug|x64
		{682F949B-1A4B-4D43-B646-C79A2CF4F05E}.Debug|x64.Build.0 = Debug|x64
		{682F949B-1A4B-4D43-B646-C79A2CF4F05E}.Debug|x86.ActiveCfg = Debug|Win32
		{682F949B-1A4B-4D43-B646-C79A2CF4F05E}.Debug|x86.Build.0 = Debug|Win32
		{682F949B-1A4B-4D43-B646-C79A2CF4F05E}.Release|x64.ActiveCfg = Release|x64
		{682F949B-1A4B-4D43-B646-C79A2CF4F05E}.Release|x64.Build.0 = Release|x64
		{682F949B-1A4B-4D43-B646-C79A2CF4F05E}.Release|x86.ActiveCfg = Release|Win32
		{682F949B-1A4B-4D43-B646-C79A2CF4F05E}.Release|x86.Build.0 = Release|Win32
		{19DBC4FF-F015-4AD2-B4CC-5A32DF131C06}.Debug|x64.ActiveCfg = Debug|x64
		{19DBC4FF-F015-4AD2-B4CC-5A32DF131C06}.Debug|x64.Build.0 = Debug|x64
		{19DBC4FF-F015-4AD2-B4CC-5A32DF131C06}.Debug|x86.ActiveCfg = Debug|Win32
		{19DBC4FF-F015-4AD2-B4CC-5A32DF131C06}.Debug|x86.Build.0 = Debug|Win32
		{19DBC4FF-F015-4AD2-B4CC-5A32DF131C06}.Release|x64.ActiveCfg = Release|x64
		{19DBC4FF-F015-4AD2-B4CC-5A32DF131C06}.Release|x64.Build.0 = Release|x64
		{19DBC4FF-F015-4AD2-B4CC-5A32DF131C06}.Release|x86.ActiveCfg = Release|Win32
		{19DBC4FF-F015-4AD2-B4CC-5A32DF131C06}.Release|x86.Build.0 = Release|Win32
		{8F1092BA-3FB1-487B-AD34-55D86F9F27B6}.Debug|x64.ActiveCfg = Debug|x64
		{8F1092BA-3FB1-487B-AD34-55D86F9F27B6}.Debug|x64.Build.0 = Debug|x64
		{8F1092BA-3FB1-487B-AD34-55D86F9F27B6}.Debug|x86.ActiveCfg = Debug|Win32
		{8F1092BA-3FB1-487B-AD34-55D86F9F27B6}.Debug|x86.Build.0 = Debug|Win32
		{8F1092BA-3FB1-487B-AD34-55D86F9F27B6}.Release|x64.ActiveCfg = Release|x64
		{8F1092BA-3FB1-487B-AD34-55D86F9F27B6}.Release|x64.Build.0 = Release|x64
		{8F1092BA-3FB1-487B-AD34-55D86F9F27B6}.Release|x86.ActiveCfg = Release|Win32
		{8F1092BA-3FB1-487B-AD34-55D86F9F27B6}.Release|x86.Build.0 = Release|Win32
		{2D01AC1A-9FDC-4AF3-A0D2-3916337A07F1}.Debug|x64.ActiveCfg = Debug|x64
		{2D01AC1A-9FDC-4AF3-A0D2-3916337A07F1}.Debug|x64.Build.0 = Debug|x64
		{2D01AC1A-9FDC-4AF3-A0D2-3916337A07F1}.Debug|x86.ActiveCfg = Debug|Win32
		{2D01AC1A-9FDC-4AF3-A0D2-3916337A07F1}.Debug|x86.Build.0 = Debug|Win32
		{2D01AC1A-9FDC-4AF3-A0D2-3916337A07F1}.Release|x64.ActiveCfg = Release|x64
		{2D01AC1A-9FDC-4AF3-A0D2-3916337A07F1}.Release|x64.Build.0 = Release|x64
		{2D01AC1A-9FDC-4AF3-A0D2-3916337A07F1}.Release|x86.ActiveCfg = Release|Win32
		{2D01AC1A-9FDC-4AF3-A0D2-3916337A07F1}.Release|x86.Build.0 = Release|Win32
		{A2772149-6B9D-475A-BA06-D83C072A5507}.Debug|x64.ActiveCfg = Debug|x64
		{A2772149-6B9D-475A-BA06-D83C072A5507}.Debug|x64.Build.0 = Debug|x64
		{A2772149-6B9D-475A-BA06-D83C072A5507}.Debug|x86.ActiveCfg = Debug|Win32
		{A2772149-6B9D-475A-BA06-D83C072A5507}.Debug|x86.Build.0 = Debug|Win32
		{A2772149-6B9D-475A-BA06-D83C072A5507}.Release|x64.ActiveCfg = Release|x64
		{A2772149-6B9D-475A-BA06-D83C072A5507}.Release|x64.Build.0 = Release|x64
		{A2772149-6B9D-475A-BA06-D83C072A5507}.Release|x86.ActiveCfg = Release|Win32
		{A2772149-6B9D-475A-BA06-D83C072A5507}.Release|x86.Build.0 = Release|Win32
		{EBE8D6DF-8F75-4C10-B492-ADE1255B143D}.Debug|x64.ActiveCfg = Debug|x64
		{EBE8D6DF-8F75-4C10-B492-ADE1255B143D}.Debug|x64.Build.0 = Debug|x64
		{EBE8D6DF-8F75-4C10-B492-ADE1255B143D}.Debug|x86.ActiveCfg = Debug|Win32
		{EBE8D6DF-8F75-4C10-B492-ADE1255B143D}.Debug|x86.Build.0 = Debug|Win32
		{EBE8D6DF-8F75-4C10-B492-ADE1255B143D}.Release|x64.ActiveCfg = Release|x64
		{EBE8D6DF-8F75-4C10-B492-ADE1255B143D}.Release|x64.Build.0 = Release|x64
		{EBE8D6DF-8F75-4C10-B492-ADE1255B143D}.Release|x86.ActiveCfg = Release|Win32
		{EBE8D6DF-8F75-4C10-B492-ADE1255B143D}.Release|x86.Build.0 = Release|Win32
		{13952D11-C055-4A1C-9174-3DB4024B8144}.Debug|x64.ActiveCfg = Debug|x64
		{13952D11-C055-4A1C-9174-3DB4024B8144}.Debug|x64.Build.0 = Debug|x64
		{13952D11-C055-4A1C-9174-3DB4024B8144}.Debug|x86.ActiveCfg = Debug|Win32
		{13952D11-C055-4A1C-9174-3DB4024B8144}.Debug|x86.Build.0 = Debug|Win32
		{13952D11-C055-4A1C-9174-3DB4024B8144}.Release|x64.ActiveCfg = Release|x64
		{13952D11-C055-4A1C-9174-3DB4024B8144}.Release|x64.Build.0 = Release|x64
		{13952D11-C055-4A1C-9174-3DB4024B8144}.Release|x86.ActiveCfg = Release|Win32
		{13952D11-C055-4A1C-9174-3DB4024B8144}.Release|x86.Build.0 = Release|Win32
		{6616A727-05AD-4C0A-BEE8-60B147CE3F0F}.Debug|x64.ActiveCfg = Debug|x64
		{6616A727-05AD-4C0A-BEE8-60B147CE3F0F}.Debug|x64.Build.0 = Debug|x64
		{6616A727-05AD-4C0A-BEE8-60B147CE3F0F}.Debug|x86.ActiveCfg = Debug|Win32
		{6616A727-05AD-4C0A-BEE8-60B147CE3F0F}.Debug|x86.Build.0 = Debug|Win32
		{6616A727-05AD-4C0A-BEE8-60B147CE3F0F}.Release|x64.ActiveCfg = Release|x64
		{6616A727-05AD-4C0A-BEE8-60B147CE3F0F}.Release|x64.Build.0 = Release|x64
		{6616A727-05AD-4C0A-BEE8-60B147CE3F0F}.Release|x86.ActiveCfg = Release|Win32
		{6616A727-05AD-4C0A-BEE8-60B147CE3F0F}.Release|x86.Build.0 = Release|Win32
		{10AADCCC-D713-42D5-A75D-E7DE58FE124D}.Debug|x64.ActiveCfg = Debug|x64
		{10AADCCC-D713-42D5-A75D-E7DE58FE124D}.Debug|x64.Build.0 = Debug|x64
		{10AADCCC-D713-42D5-A75D-E7DE58FE124D}.Debug|x86.ActiveCfg = Debug|Win32
		{10AADCCC-D713-42D5-A75D-E7DE58FE124D}.Debug|x86.Build.0 = Debug|Win32
		{10AADCCC-D713-42D5-A75D-E7DE58FE124D}.Release|x64.ActiveCfg = Release|x64
		{10AADCCC-D713-42D5-A75D-E7DE58FE124D}.Release|x64.Build.0 = Release|x64
		{10AADCCC-D713-42D5-A75D-E7DE58FE124D}.Release|x86.ActiveCfg = Release|Win32
		{10AADCCC-D713-42D5-A75D-E7DE58FE124D}.Release|x86.Build.0 = Release|Win32
		{40F2B910-9E62-4F46-99C2-794DECEB64A7}.Debug|x64.ActiveCfg = Debug|x64
		{40F2B910-9E62-4F46-99C2-794DECEB64A7}.Debug|x64.Build.0 = Debug|x64
		{40F2B910-9E62-4F46-99C2-794DECEB64A7}.Debug|x86.ActiveCfg = Debug|Win32
		{40F2B910-9E62-4F46-99C2-794DECEB64A7}.Debug|x86.Build.0 = Debug|Win32
		{40F2B910-9E62-4F46-99C2-794DECEB64A7}.Release|x64.ActiveCfg = Release|x64
		{40F2B910-9E62-4F46-99C2-794DECEB64A7}.Release|x64.Build.0 = Release|x64
		{40F2B910-9E62-4F46-99C2-794DECEB64A7}.Release|x86.ActiveCfg = Release|Win32
		{40F2B910-9E62-4F46-99C2-794DECEB64A7}.Release|x86.Build.0 = Release|Win32
	EndGlobalSection
	GlobalSection(SolutionProperties) = preSolution
		HideSolutionNode = FALSE
	EndGlobalSection
EndGlobal
