
Microsoft Visual Studio Solution File, Format Version 12.00
# Visual Studio 14
VisualStudioVersion = 14.0.25420.1
MinimumVisualStudioVersion = 10.0.40219.1
Project("{8BC9CEB8-8B4A-11D0-8D11-00A0C91BC942}") = "VC_FANFUHAN_OPENCV001", "VC_FANFUHAN_OPENCV001\VC_FANFUHAN_OPENCV001.vcxproj", "{0E4CC25B-727F-4DD3-B6DE-B49092B70D2B}"
EndProject
Project("{8BC9CEB8-8B4A-11D0-8D11-00A0C91BC942}") = "VC_FANFUHAN_OPENCV002", "VC_FANFUHAN_OPENCV002\VC_FANFUHAN_OPENCV002.vcxproj", "{7B8DF9A1-8BE8-40D7-9C7F-6B054BC122BF}"
EndProject
Project("{8BC9CEB8-8B4A-11D0-8D11-00A0C91BC942}") = "VC_FANFUHAN_OPENCV003", "VC_FANFUHAN_OPENCV003\VC_FANFUHAN_OPENCV003.vcxproj", "{EF22B071-A035-4E04-B8E2-6380481508F4}"
EndProject
Project("{8BC9CEB8-8B4A-11D0-8D11-00A0C91BC942}") = "VC_FANFUHAN_OPENCV004", "VC_FANFUHAN_OPENCV004\VC_FANFUHAN_OPENCV004.vcxproj", "{256F75C6-E58B-4BBB-87AB-375FC04F9A5E}"
EndProject
Project("{8BC9CEB8-8B4A-11D0-8D11-00A0C91BC942}") = "VC_FANFUHAN_OPENCV005", "VC_FANFUHAN_OPENCV005\VC_FANFUHAN_OPENCV005.vcxproj", "{D01D62EF-E981-4119-ADF1-56C6EE188954}"
EndProject
Project("{8BC9CEB8-8B4A-11D0-8D11-00A0C91BC942}") = "VC_FANFUHAN_OPENCV006", "VC_FANFUHAN_OPENCV006\VC_FANFUHAN_OPENCV006.vcxproj", "{682F949B-1A4B-4D43-B646-C79A2CF4F05E}"
EndProject
Project("{8BC9CEB8-8B4A-11D0-8D11-00A0C91BC942}") = "VC_FANFUHAN_OPENCV007", "VC_FANFUHAN_OPENCV007\VC_FANFUHAN_OPENCV007.vcxproj", "{19DBC4FF-F015-4AD2-B4CC-5A32DF131C06}"
EndProject
Project("{8BC9CEB8-8B4A-11D0-8D11-00A0C91BC942}") = "VC_FANFUHAN_OPENCV008", "VC_FANFUHAN_OPENCV008\VC_FANFUHAN_OPENCV008.vcxproj", "{8F1092BA-3FB1-487B-AD34-55D86F9F27B6}"
EndProject
Project("{8BC9CEB8-8B4A-11D0-8D11-00A0C91BC942}") = "VC_FANFUHAN_OPENCV009", "VC_FANFUHAN_OPENCV009\VC_FANFUHAN_OPENCV009.vcxproj", "{2D01AC1A-9FDC-4AF3-A0D2-3916337A07F1}"
EndProject
Project("{8BC9CEB8-8B4A-11D0-8D11-00A0C91BC942}") = "VC_FANFUHAN_OPENCV010", "VC_FANFUHAN_OPENCV010\VC_FANFUHAN_OPENCV010.vcxproj", "{A2772149-6B9D-475A-BA06-D83C072A5507}"
EndProject
Project("{8BC9CEB8-8B4A-11D0-8D11-00A0C91BC942}") = "VC_FANFUHAN_OPENCV011", "VC_FANFUHAN_OPENCV011\VC_FANFUHAN_OPENCV011.vcxproj", "{EBE8D6DF-8F75-4C10-B492-ADE1255B143D}"
EndProject
Project("{8BC9CEB8-8B4A-11D0-8D11-00A0C91BC942}") = "VC_FANFUHAN_OPENCV012", "VC_FANFUHAN_OPENCV012\VC_FANFUHAN_OPENCV012.vcxproj", "{13952D11-C055-4A1C-9174-3DB4024B8144}"
EndProject
Project("{8BC9CEB8-8B4A-11D0-8D11-00A0C91BC942}") = "VC_FANFUHAN_OPENCV013", "VC_FANFUHAN_OPENCV013\VC_FANFUHAN_OPENCV013.vcxproj", "{6616A727-05AD-4C0A-BEE8-60B147CE3F0F}"
EndProject
Project("{8BC9CEB8-8B4A-11D0-8D11-00A0C91BC942}") = "VC_FANFUHAN_OPENCV014", "VC_FANFUHAN_OPENCV014\VC_FANFUHAN_OPENCV014.vcxproj", "{10AADCCC-D713-42D5-A75D-E7DE58FE124D}"
EndProject
Project("{8BC9CEB8-8B4A-11D0-8D11-00A0C91BC942}") = "VC_FANFUHAN_OPENCV015", "VC_FANFUHAN_OPENCV015\VC_FANFUHAN_OPENCV015.vcxproj", "{40F2B910-9E62-4F46-99C2-794DECEB64A7}"
EndProject
Project("{8BC9CEB8-8B4A-11D0-8D11-00A0C91BC942}") = "VC_FANFUHAN_OPENCV016", "VC_FANFUHAN_OPENCV016\VC_FANFUHAN_OPENCV016.vcxproj", "{E2EAA3CE-977E-4376-9D15-006A5393D437}"
EndProject
Project("{8BC9CEB8-8B4A-11D0-8D11-00A0C91BC942}") = "VC_FANFUHAN_OPENCV017", "VC_FANFUHAN_OPENCV017\VC_FANFUHAN_OPENCV017.vcxproj", "{397D2875-B57A-4908-A15C-A8A02AD5BF64}"
EndProject
Project("{8BC9CEB8-8B4A-11D0-8D11-00A0C91BC942}") = "VC_FANFUHAN_OPENCV018", "VC_FANFUHAN_OPENCV018\VC_FANFUHAN_OPENCV018.vcxproj", "{38583BA1-B26C-4A0C-B167-E2116179FAA1}"
EndProject
Project("{8BC9CEB8-8B4A-11D0-8D11-00A0C91BC942}") = "VC_FANFUHAN_OPENCV019", "VC_FANFUHAN_OPENCV019\VC_FANFUHAN_OPENCV019.vcxproj", "{584EBEE6-EEC0-4DEF-A669-4F14FF7E6105}"
EndProject
Project("{8BC9CEB8-8B4A-11D0-8D11-00A0C91BC942}") = "VC_FANFUHAN_OPENCV020", "VC_FANFUHAN_OPENCV020\VC_FANFUHAN_OPENCV020.vcxproj", "{B9EAD198-6B9A-474A-922F-ACE1A40F006F}"
EndProject
Project("{8BC9CEB8-8B4A-11D0-8D11-00A0C91BC942}") = "VC_FANFUHAN_OPENCV021", "VC_FANFUHAN_OPENCV021\VC_FANFUHAN_OPENCV021.vcxproj", "{754DBDF5-D5E1-4A2A-8807-1DEEE2032F2D}"
EndProject
Project("{8BC9CEB8-8B4A-11D0-8D11-00A0C91BC942}") = "VC_FANFUHAN_OPENCV022", "VC_FANFUHAN_OPENCV022\VC_FANFUHAN_OPENCV022.vcxproj", "{38FCDF91-231A-4DCF-A026-CFAC2F323258}"
EndProject
Project("{8BC9CEB8-8B4A-11D0-8D11-00A0C91BC942}") = "VC_FANFUHAN_OPENCV023", "VC_FANFUHAN_OPENCV023\VC_FANFUHAN_OPENCV023.vcxproj", "{41213209-AD7E-42CA-8A3F-16AE6B1D90CF}"
EndProject
Project("{8BC9CEB8-8B4A-11D0-8D11-00A0C91BC942}") = "VC_FANFUHAN_OPENCV024", "VC_FANFUHAN_OPENCV024\VC_FANFUHAN_OPENCV024.vcxproj", "{33C0AF3E-8E0F-4F58-96A4-CA5DE69841DF}"
EndProject
Project("{8BC9CEB8-8B4A-11D0-8D11-00A0C91BC942}") = "VC_FANFUHAN_OPENCV025", "VC_FANFUHAN_OPENCV025\VC_FANFUHAN_OPENCV025.vcxproj", "{0B7689D3-3B44-43EA-A149-89CFEF1C4A75}"
EndProject
Project("{8BC9CEB8-8B4A-11D0-8D11-00A0C91BC942}") = "VC_FANFUHAN_OPENCV026", "VC_FANFUHAN_OPENCV026\VC_FANFUHAN_OPENCV026.vcxproj", "{9CF500B2-11C6-44DE-A1ED-B375E1D42ED8}"
EndProject
Project("{8BC9CEB8-8B4A-11D0-8D11-00A0C91BC942}") = "VC_FANFUHAN_OPENCV027", "VC_FANFUHAN_OPENCV027\VC_FANFUHAN_OPENCV027.vcxproj", "{7F20580F-D43A-49BB-B288-EBAD2374F39E}"
EndProject
Project("{8BC9CEB8-8B4A-11D0-8D11-00A0C91BC942}") = "VC_FANFUHAN_OPENCV028", "VC_FANFUHAN_OPENCV028\VC_FANFUHAN_OPENCV028.vcxproj", "{63529F48-DBA0-4958-9131-225FFF3327BA}"
EndProject
Project("{8BC9CEB8-8B4A-11D0-8D11-00A0C91BC942}") = "VC_FANFUHAN_OPENCV029", "VC_FANFUHAN_OPENCV029\VC_FANFUHAN_OPENCV029.vcxproj", "{05B15251-251C-4C8F-9ED4-94056ACB8649}"
EndProject
Project("{8BC9CEB8-8B4A-11D0-8D11-00A0C91BC942}") = "VC_FANFUHAN_OPENCV030", "VC_FANFUHAN_OPENCV030\VC_FANFUHAN_OPENCV030.vcxproj", "{A34816E7-DF16-47B8-9C31-8C2F148EFA5E}"
EndProject
Project("{8BC9CEB8-8B4A-11D0-8D11-00A0C91BC942}") = "VC_FANFUHAN_OPENCV031", "VC_FANFUHAN_OPENCV031\VC_FANFUHAN_OPENCV031.vcxproj", "{A94155AA-A145-45DA-B623-7F94367484A8}"
EndProject
Project("{8BC9CEB8-8B4A-11D0-8D11-00A0C91BC942}") = "VC_FANFUHAN_OPENCV032", "VC_FANFUHAN_OPENCV032\VC_FANFUHAN_OPENCV032.vcxproj", "{4E96263C-24AB-4728-A2BF-9665F8E3C29D}"
EndProject
Project("{8BC9CEB8-8B4A-11D0-8D11-00A0C91BC942}") = "VC_FANFUHAN_OPENCV033", "VC_FANFUHAN_OPENCV033\VC_FANFUHAN_OPENCV033.vcxproj", "{0973A95A-5028-4635-A359-1AEFD1430BDC}"
EndProject
Project("{8BC9CEB8-8B4A-11D0-8D11-00A0C91BC942}") = "VC_FANFUHAN_OPENCV034", "VC_FANFUHAN_OPENCV034\VC_FANFUHAN_OPENCV034.vcxproj", "{EE90EE66-0056-4622-B23D-B246DC713EC2}"
EndProject
Project("{8BC9CEB8-8B4A-11D0-8D11-00A0C91BC942}") = "VC_FANFUHAN_OPENCV035", "VC_FANFUHAN_OPENCV035\VC_FANFUHAN_OPENCV035.vcxproj", "{12892D9E-43EA-414C-A0AF-0A5F552B1447}"
EndProject
Project("{8BC9CEB8-8B4A-11D0-8D11-00A0C91BC942}") = "VC_FANFUHAN_OPENCV036", "VC_FANFUHAN_OPENCV036\VC_FANFUHAN_OPENCV036.vcxproj", "{059634B7-372B-4C5B-8439-CE3596D0E9BE}"
EndProject
Project("{8BC9CEB8-8B4A-11D0-8D11-00A0C91BC942}") = "VC_FANFUHAN_OPENCV037", "VC_FANFUHAN_OPENCV037\VC_FANFUHAN_OPENCV037.vcxproj", "{1AFFC72E-05CA-4609-B580-81360AA7515A}"
EndProject
Project("{8BC9CEB8-8B4A-11D0-8D11-00A0C91BC942}") = "VC_FANFUHAN_OPENCV038", "VC_FANFUHAN_OPENCV038\VC_FANFUHAN_OPENCV038.vcxproj", "{C6764D7F-9825-4009-B3BF-B495C0C83C24}"
EndProject
Project("{8BC9CEB8-8B4A-11D0-8D11-00A0C91BC942}") = "VC_FANFUHAN_OPENCV039", "VC_FANFUHAN_OPENCV039\VC_FANFUHAN_OPENCV039.vcxproj", "{BA7B4E00-289D-4009-97E2-C367F86B37EC}"
EndProject
Project("{8BC9CEB8-8B4A-11D0-8D11-00A0C91BC942}") = "VC_OPENCV_Contrast_Bright_Trackbar", "VC_OPENCV_Contrast_Bright_Trackbar\VC_OPENCV_Contrast_Bright_Trackbar.vcxproj", "{DB79D87C-528E-4A78-859C-36F5DDD1101C}"
EndProject
Project("{8BC9CEB8-8B4A-11D0-8D11-00A0C91BC942}") = "VC_FANFUHAN_OPENCV040", "VC_FANFUHAN_OPENCV040\VC_FANFUHAN_OPENCV040.vcxproj", "{B3035C9C-FBFA-4BB6-BAA0-C43B21EB1866}"
EndProject
Project("{8BC9CEB8-8B4A-11D0-8D11-00A0C91BC942}") = "VC_FANFUHAN_OPENCV041", "VC_FANFUHAN_OPENCV041\VC_FANFUHAN_OPENCV041.vcxproj", "{082BA9DE-4B58-4DFA-9D33-426BAA317057}"
EndProject
Project("{8BC9CEB8-8B4A-11D0-8D11-00A0C91BC942}") = "VC_FANFUHAN_OPENCV042", "VC_FANFUHAN_OPENCV042\VC_FANFUHAN_OPENCV042.vcxproj", "{DF70C832-B8DB-4FA2-A913-994BB038039D}"
EndProject
Project("{8BC9CEB8-8B4A-11D0-8D11-00A0C91BC942}") = "VC_FANFUHAN_OPENCV043", "VC_FANFUHAN_OPENCV043\VC_FANFUHAN_OPENCV043.vcxproj", "{ECACF6D9-4C30-4087-ABC7-0CA567F2B86B}"
EndProject
Project("{8BC9CEB8-8B4A-11D0-8D11-00A0C91BC942}") = "VC_FANFUHAN_OPENCV044", "VC_FANFUHAN_OPENCV044\VC_FANFUHAN_OPENCV044.vcxproj", "{9A129A4B-6BC6-48B9-AC9A-643908F9E73F}"
EndProject
Project("{8BC9CEB8-8B4A-11D0-8D11-00A0C91BC942}") = "VC_FANFUHAN_OPENCV045", "VC_FANFUHAN_OPENCV045\VC_FANFUHAN_OPENCV045.vcxproj", "{F3DC0C7E-62FB-46BC-9DFE-3131D2E4FE50}"
EndProject
Project("{8BC9CEB8-8B4A-11D0-8D11-00A0C91BC942}") = "VC_FANFUHAN_OPENCV046", "VC_FANFUHAN_OPENCV046\VC_FANFUHAN_OPENCV046.vcxproj", "{6CEBF715-2BC7-4E02-AAE8-2A697F13CDAA}"
EndProject
Project("{8BC9CEB8-8B4A-11D0-8D11-00A0C91BC942}") = "VC_FANFUHAN_OPENCV047", "VC_FANFUHAN_OPENCV047\VC_FANFUHAN_OPENCV047.vcxproj", "{FFB4B6DF-6F83-4689-95A6-F5E69DE18812}"
EndProject
Project("{8BC9CEB8-8B4A-11D0-8D11-00A0C91BC942}") = "VC_FANFUHAN_OPENCV048", "VC_FANFUHAN_OPENCV048\VC_FANFUHAN_OPENCV048.vcxproj", "{64AB9068-6CDC-4664-8E85-9E55D6F889B1}"
EndProject
Project("{8BC9CEB8-8B4A-11D0-8D11-00A0C91BC942}") = "VC_FANFUHAN_OPENCV049", "VC_FANFUHAN_OPENCV049\VC_FANFUHAN_OPENCV049.vcxproj", "{A012FC65-5C93-41E9-A8EA-A2EBBACD0F1F}"
EndProject
Project("{8BC9CEB8-8B4A-11D0-8D11-00A0C91BC942}") = "VC_FANFUHAN_OPENCV050", "VC_FANFUHAN_OPENCV050\VC_FANFUHAN_OPENCV050.vcxproj", "{94F4DDC8-9241-4431-A7D7-6ABE2229B93F}"
EndProject
Project("{8BC9CEB8-8B4A-11D0-8D11-00A0C91BC942}") = "VC_FANFUHAN_OPENCV051", "VC_FANFUHAN_OPENCV051\VC_FANFUHAN_OPENCV051.vcxproj", "{7FFEDC36-AF5B-448B-BF1C-971FC8429655}"
EndProject
Project("{8BC9CEB8-8B4A-11D0-8D11-00A0C91BC942}") = "VC_FANFUHAN_OPENCV052", "VC_FANFUHAN_OPENCV052\VC_FANFUHAN_OPENCV052.vcxproj", "{2172EE6C-91AA-4C66-81D6-BA49C12EC26B}"
EndProject
Global
	GlobalSection(SolutionConfigurationPlatforms) = preSolution
		Debug|x64 = Debug|x64
		Debug|x86 = Debug|x86
		Release|x64 = Release|x64
		Release|x86 = Release|x86
	EndGlobalSection
	GlobalSection(ProjectConfigurationPlatforms) = postSolution
		{0E4CC25B-727F-4DD3-B6DE-B49092B70D2B}.Debug|x64.ActiveCfg = Debug|x64
		{0E4CC25B-727F-4DD3-B6DE-B49092B70D2B}.Debug|x64.Build.0 = Debug|x64
		{0E4CC25B-727F-4DD3-B6DE-B49092B70D2B}.Debug|x86.ActiveCfg = Debug|Win32
		{0E4CC25B-727F-4DD3-B6DE-B49092B70D2B}.Debug|x86.Build.0 = Debug|Win32
		{0E4CC25B-727F-4DD3-B6DE-B49092B70D2B}.Release|x64.ActiveCfg = Release|x64
		{0E4CC25B-727F-4DD3-B6DE-B49092B70D2B}.Release|x64.Build.0 = Release|x64
		{0E4CC25B-727F-4DD3-B6DE-B49092B70D2B}.Release|x86.ActiveCfg = Release|Win32
		{0E4CC25B-727F-4DD3-B6DE-B49092B70D2B}.Release|x86.Build.0 = Release|Win32
		{7B8DF9A1-8BE8-40D7-9C7F-6B054BC122BF}.Debug|x64.ActiveCfg = Debug|x64
		{7B8DF9A1-8BE8-40D7-9C7F-6B054BC122BF}.Debug|x64.Build.0 = Debug|x64
		{7B8DF9A1-8BE8-40D7-9C7F-6B054BC122BF}.Debug|x86.ActiveCfg = Debug|Win32
		{7B8DF9A1-8BE8-40D7-9C7F-6B054BC122BF}.Debug|x86.Build.0 = Debug|Win32
		{7B8DF9A1-8BE8-40D7-9C7F-6B054BC122BF}.Release|x64.ActiveCfg = Release|x64
		{7B8DF9A1-8BE8-40D7-9C7F-6B054BC122BF}.Release|x64.Build.0 = Release|x64
		{7B8DF9A1-8BE8-40D7-9C7F-6B054BC122BF}.Release|x86.ActiveCfg = Release|Win32
		{7B8DF9A1-8BE8-40D7-9C7F-6B054BC122BF}.Release|x86.Build.0 = Release|Win32
		{EF22B071-A035-4E04-B8E2-6380481508F4}.Debug|x64.ActiveCfg = Debug|x64
		{EF22B071-A035-4E04-B8E2-6380481508F4}.Debug|x64.Build.0 = Debug|x64
		{EF22B071-A035-4E04-B8E2-6380481508F4}.Debug|x86.ActiveCfg = Debug|Win32
		{EF22B071-A035-4E04-B8E2-6380481508F4}.Debug|x86.Build.0 = Debug|Win32
		{EF22B071-A035-4E04-B8E2-6380481508F4}.Release|x64.ActiveCfg = Release|x64
		{EF22B071-A035-4E04-B8E2-6380481508F4}.Release|x64.Build.0 = Release|x64
		{EF22B071-A035-4E04-B8E2-6380481508F4}.Release|x86.ActiveCfg = Release|Win32
		{EF22B071-A035-4E04-B8E2-6380481508F4}.Release|x86.Build.0 = Release|Win32
		{256F75C6-E58B-4BBB-87AB-375FC04F9A5E}.Debug|x64.ActiveCfg = Debug|x64
		{256F75C6-E58B-4BBB-87AB-375FC04F9A5E}.Debug|x64.Build.0 = Debug|x64
		{256F75C6-E58B-4BBB-87AB-375FC04F9A5E}.Debug|x86.ActiveCfg = Debug|Win32
		{256F75C6-E58B-4BBB-87AB-375FC04F9A5E}.Debug|x86.Build.0 = Debug|Win32
		{256F75C6-E58B-4BBB-87AB-375FC04F9A5E}.Release|x64.ActiveCfg = Release|x64
		{256F75C6-E58B-4BBB-87AB-375FC04F9A5E}.Release|x64.Build.0 = Release|x64
		{256F75C6-E58B-4BBB-87AB-375FC04F9A5E}.Release|x86.ActiveCfg = Release|Win32
		{256F75C6-E58B-4BBB-87AB-375FC04F9A5E}.Release|x86.Build.0 = Release|Win32
		{D01D62EF-E981-4119-ADF1-56C6EE188954}.Debug|x64.ActiveCfg = Debug|x64
		{D01D62EF-E981-4119-ADF1-56C6EE188954}.Debug|x64.Build.0 = Debug|x64
		{D01D62EF-E981-4119-ADF1-56C6EE188954}.Debug|x86.ActiveCfg = Debug|Win32
		{D01D62EF-E981-4119-ADF1-56C6EE188954}.Debug|x86.Build.0 = Debug|Win32
		{D01D62EF-E981-4119-ADF1-56C6EE188954}.Release|x64.ActiveCfg = Release|x64
		{D01D62EF-E981-4119-ADF1-56C6EE188954}.Release|x64.Build.0 = Release|x64
		{D01D62EF-E981-4119-ADF1-56C6EE188954}.Release|x86.ActiveCfg = Release|Win32
		{D01D62EF-E981-4119-ADF1-56C6EE188954}.Release|x86.Build.0 = Release|Win32
		{682F949B-1A4B-4D43-B646-C79A2CF4F05E}.Debug|x64.ActiveCfg = Debug|x64
		{682F949B-1A4B-4D43-B646-C79A2CF4F05E}.Debug|x64.Build.0 = Debug|x64
		{682F949B-1A4B-4D43-B646-C79A2CF4F05E}.Debug|x86.ActiveCfg = Debug|Win32
		{682F949B-1A4B-4D43-B646-C79A2CF4F05E}.Debug|x86.Build.0 = Debug|Win32
		{682F949B-1A4B-4D43-B646-C79A2CF4F05E}.Release|x64.ActiveCfg = Release|x64
		{682F949B-1A4B-4D43-B646-C79A2CF4F05E}.Release|x64.Build.0 = Release|x64
		{682F949B-1A4B-4D43-B646-C79A2CF4F05E}.Release|x86.ActiveCfg = Release|Win32
		{682F949B-1A4B-4D43-B646-C79A2CF4F05E}.Release|x86.Build.0 = Release|Win32
		{19DBC4FF-F015-4AD2-B4CC-5A32DF131C06}.Debug|x64.ActiveCfg = Debug|x64
		{19DBC4FF-F015-4AD2-B4CC-5A32DF131C06}.Debug|x64.Build.0 = Debug|x64
		{19DBC4FF-F015-4AD2-B4CC-5A32DF131C06}.Debug|x86.ActiveCfg = Debug|Win32
		{19DBC4FF-F015-4AD2-B4CC-5A32DF131C06}.Debug|x86.Build.0 = Debug|Win32
		{19DBC4FF-F015-4AD2-B4CC-5A32DF131C06}.Release|x64.ActiveCfg = Release|x64
		{19DBC4FF-F015-4AD2-B4CC-5A32DF131C06}.Release|x64.Build.0 = Release|x64
		{19DBC4FF-F015-4AD2-B4CC-5A32DF131C06}.Release|x86.ActiveCfg = Release|Win32
		{19DBC4FF-F015-4AD2-B4CC-5A32DF131C06}.Release|x86.Build.0 = Release|Win32
		{8F1092BA-3FB1-487B-AD34-55D86F9F27B6}.Debug|x64.ActiveCfg = Debug|x64
		{8F1092BA-3FB1-487B-AD34-55D86F9F27B6}.Debug|x64.Build.0 = Debug|x64
		{8F1092BA-3FB1-487B-AD34-55D86F9F27B6}.Debug|x86.ActiveCfg = Debug|Win32
		{8F1092BA-3FB1-487B-AD34-55D86F9F27B6}.Debug|x86.Build.0 = Debug|Win32
		{8F1092BA-3FB1-487B-AD34-55D86F9F27B6}.Release|x64.ActiveCfg = Release|x64
		{8F1092BA-3FB1-487B-AD34-55D86F9F27B6}.Release|x64.Build.0 = Release|x64
		{8F1092BA-3FB1-487B-AD34-55D86F9F27B6}.Release|x86.ActiveCfg = Release|Win32
		{8F1092BA-3FB1-487B-AD34-55D86F9F27B6}.Release|x86.Build.0 = Release|Win32
		{2D01AC1A-9FDC-4AF3-A0D2-3916337A07F1}.Debug|x64.ActiveCfg = Debug|x64
		{2D01AC1A-9FDC-4AF3-A0D2-3916337A07F1}.Debug|x64.Build.0 = Debug|x64
		{2D01AC1A-9FDC-4AF3-A0D2-3916337A07F1}.Debug|x86.ActiveCfg = Debug|Win32
		{2D01AC1A-9FDC-4AF3-A0D2-3916337A07F1}.Debug|x86.Build.0 = Debug|Win32
		{2D01AC1A-9FDC-4AF3-A0D2-3916337A07F1}.Release|x64.ActiveCfg = Release|x64
		{2D01AC1A-9FDC-4AF3-A0D2-3916337A07F1}.Release|x64.Build.0 = Release|x64
		{2D01AC1A-9FDC-4AF3-A0D2-3916337A07F1}.Release|x86.ActiveCfg = Release|Win32
		{2D01AC1A-9FDC-4AF3-A0D2-3916337A07F1}.Release|x86.Build.0 = Release|Win32
		{A2772149-6B9D-475A-BA06-D83C072A5507}.Debug|x64.ActiveCfg = Debug|x64
		{A2772149-6B9D-475A-BA06-D83C072A5507}.Debug|x64.Build.0 = Debug|x64
		{A2772149-6B9D-475A-BA06-D83C072A5507}.Debug|x86.ActiveCfg = Debug|Win32
		{A2772149-6B9D-475A-BA06-D83C072A5507}.Debug|x86.Build.0 = Debug|Win32
		{A2772149-6B9D-475A-BA06-D83C072A5507}.Release|x64.ActiveCfg = Release|x64
		{A2772149-6B9D-475A-BA06-D83C072A5507}.Release|x64.Build.0 = Release|x64
		{A2772149-6B9D-475A-BA06-D83C072A5507}.Release|x86.ActiveCfg = Release|Win32
		{A2772149-6B9D-475A-BA06-D83C072A5507}.Release|x86.Build.0 = Release|Win32
		{EBE8D6DF-8F75-4C10-B492-ADE1255B143D}.Debug|x64.ActiveCfg = Debug|x64
		{EBE8D6DF-8F75-4C10-B492-ADE1255B143D}.Debug|x64.Build.0 = Debug|x64
		{EBE8D6DF-8F75-4C10-B492-ADE1255B143D}.Debug|x86.ActiveCfg = Debug|Win32
		{EBE8D6DF-8F75-4C10-B492-ADE1255B143D}.Debug|x86.Build.0 = Debug|Win32
		{EBE8D6DF-8F75-4C10-B492-ADE1255B143D}.Release|x64.ActiveCfg = Release|x64
		{EBE8D6DF-8F75-4C10-B492-ADE1255B143D}.Release|x64.Build.0 = Release|x64
		{EBE8D6DF-8F75-4C10-B492-ADE1255B143D}.Release|x86.ActiveCfg = Release|Win32
		{EBE8D6DF-8F75-4C10-B492-ADE1255B143D}.Release|x86.Build.0 = Release|Win32
		{13952D11-C055-4A1C-9174-3DB4024B8144}.Debug|x64.ActiveCfg = Debug|x64
		{13952D11-C055-4A1C-9174-3DB4024B8144}.Debug|x64.Build.0 = Debug|x64
		{13952D11-C055-4A1C-9174-3DB4024B8144}.Debug|x86.ActiveCfg = Debug|Win32
		{13952D11-C055-4A1C-9174-3DB4024B8144}.Debug|x86.Build.0 = Debug|Win32
		{13952D11-C055-4A1C-9174-3DB4024B8144}.Release|x64.ActiveCfg = Release|x64
		{13952D11-C055-4A1C-9174-3DB4024B8144}.Release|x64.Build.0 = Release|x64
		{13952D11-C055-4A1C-9174-3DB4024B8144}.Release|x86.ActiveCfg = Release|Win32
		{13952D11-C055-4A1C-9174-3DB4024B8144}.Release|x86.Build.0 = Release|Win32
		{6616A727-05AD-4C0A-BEE8-60B147CE3F0F}.Debug|x64.ActiveCfg = Debug|x64
		{6616A727-05AD-4C0A-BEE8-60B147CE3F0F}.Debug|x64.Build.0 = Debug|x64
		{6616A727-05AD-4C0A-BEE8-60B147CE3F0F}.Debug|x86.ActiveCfg = Debug|Win32
		{6616A727-05AD-4C0A-BEE8-60B147CE3F0F}.Debug|x86.Build.0 = Debug|Win32
		{6616A727-05AD-4C0A-BEE8-60B147CE3F0F}.Release|x64.ActiveCfg = Release|x64
		{6616A727-05AD-4C0A-BEE8-60B147CE3F0F}.Release|x64.Build.0 = Release|x64
		{6616A727-05AD-4C0A-BEE8-60B147CE3F0F}.Release|x86.ActiveCfg = Release|Win32
		{6616A727-05AD-4C0A-BEE8-60B147CE3F0F}.Release|x86.Build.0 = Release|Win32
		{10AADCCC-D713-42D5-A75D-E7DE58FE124D}.Debug|x64.ActiveCfg = Debug|x64
		{10AADCCC-D713-42D5-A75D-E7DE58FE124D}.Debug|x64.Build.0 = Debug|x64
		{10AADCCC-D713-42D5-A75D-E7DE58FE124D}.Debug|x86.ActiveCfg = Debug|Win32
		{10AADCCC-D713-42D5-A75D-E7DE58FE124D}.Debug|x86.Build.0 = Debug|Win32
		{10AADCCC-D713-42D5-A75D-E7DE58FE124D}.Release|x64.ActiveCfg = Release|x64
		{10AADCCC-D713-42D5-A75D-E7DE58FE124D}.Release|x64.Build.0 = Release|x64
		{10AADCCC-D713-42D5-A75D-E7DE58FE124D}.Release|x86.ActiveCfg = Release|Win32
		{10AADCCC-D713-42D5-A75D-E7DE58FE124D}.Release|x86.Build.0 = Release|Win32
		{40F2B910-9E62-4F46-99C2-794DECEB64A7}.Debug|x64.ActiveCfg = Debug|x64
		{40F2B910-9E62-4F46-99C2-794DECEB64A7}.Debug|x64.Build.0 = Debug|x64
		{40F2B910-9E62-4F46-99C2-794DECEB64A7}.Debug|x86.ActiveCfg = Debug|Win32
		{40F2B910-9E62-4F46-99C2-794DECEB64A7}.Debug|x86.Build.0 = Debug|Win32
		{40F2B910-9E62-4F46-99C2-794DECEB64A7}.Release|x64.ActiveCfg = Release|x64
		{40F2B910-9E62-4F46-99C2-794DECEB64A7}.Release|x64.Build.0 = Release|x64
		{40F2B910-9E62-4F46-99C2-794DECEB64A7}.Release|x86.ActiveCfg = Release|Win32
		{40F2B910-9E62-4F46-99C2-794DECEB64A7}.Release|x86.Build.0 = Release|Win32
		{E2EAA3CE-977E-4376-9D15-006A5393D437}.Debug|x64.ActiveCfg = Debug|x64
		{E2EAA3CE-977E-4376-9D15-006A5393D437}.Debug|x64.Build.0 = Debug|x64
		{E2EAA3CE-977E-4376-9D15-006A5393D437}.Debug|x86.ActiveCfg = Debug|Win32
		{E2EAA3CE-977E-4376-9D15-006A5393D437}.Debug|x86.Build.0 = Debug|Win32
		{E2EAA3CE-977E-4376-9D15-006A5393D437}.Release|x64.ActiveCfg = Release|x64
		{E2EAA3CE-977E-4376-9D15-006A5393D437}.Release|x64.Build.0 = Release|x64
		{E2EAA3CE-977E-4376-9D15-006A5393D437}.Release|x86.ActiveCfg = Release|Win32
		{E2EAA3CE-977E-4376-9D15-006A5393D437}.Release|x86.Build.0 = Release|Win32
		{397D2875-B57A-4908-A15C-A8A02AD5BF64}.Debug|x64.ActiveCfg = Debug|x64
		{397D2875-B57A-4908-A15C-A8A02AD5BF64}.Debug|x64.Build.0 = Debug|x64
		{397D2875-B57A-4908-A15C-A8A02AD5BF64}.Debug|x86.ActiveCfg = Debug|Win32
		{397D2875-B57A-4908-A15C-A8A02AD5BF64}.Debug|x86.Build.0 = Debug|Win32
		{397D2875-B57A-4908-A15C-A8A02AD5BF64}.Release|x64.ActiveCfg = Release|x64
		{397D2875-B57A-4908-A15C-A8A02AD5BF64}.Release|x64.Build.0 = Release|x64
		{397D2875-B57A-4908-A15C-A8A02AD5BF64}.Release|x86.ActiveCfg = Release|Win32
		{397D2875-B57A-4908-A15C-A8A02AD5BF64}.Release|x86.Build.0 = Release|Win32
		{38583BA1-B26C-4A0C-B167-E2116179FAA1}.Debug|x64.ActiveCfg = Debug|x64
		{38583BA1-B26C-4A0C-B167-E2116179FAA1}.Debug|x64.Build.0 = Debug|x64
		{38583BA1-B26C-4A0C-B167-E2116179FAA1}.Debug|x86.ActiveCfg = Debug|Win32
		{38583BA1-B26C-4A0C-B167-E2116179FAA1}.Debug|x86.Build.0 = Debug|Win32
		{38583BA1-B26C-4A0C-B167-E2116179FAA1}.Release|x64.ActiveCfg = Release|x64
		{38583BA1-B26C-4A0C-B167-E2116179FAA1}.Release|x64.Build.0 = Release|x64
		{38583BA1-B26C-4A0C-B167-E2116179FAA1}.Release|x86.ActiveCfg = Release|Win32
		{38583BA1-B26C-4A0C-B167-E2116179FAA1}.Release|x86.Build.0 = Release|Win32
		{584EBEE6-EEC0-4DEF-A669-4F14FF7E6105}.Debug|x64.ActiveCfg = Debug|x64
		{584EBEE6-EEC0-4DEF-A669-4F14FF7E6105}.Debug|x64.Build.0 = Debug|x64
		{584EBEE6-EEC0-4DEF-A669-4F14FF7E6105}.Debug|x86.ActiveCfg = Debug|Win32
		{584EBEE6-EEC0-4DEF-A669-4F14FF7E6105}.Debug|x86.Build.0 = Debug|Win32
		{584EBEE6-EEC0-4DEF-A669-4F14FF7E6105}.Release|x64.ActiveCfg = Release|x64
		{584EBEE6-EEC0-4DEF-A669-4F14FF7E6105}.Release|x64.Build.0 = Release|x64
		{584EBEE6-EEC0-4DEF-A669-4F14FF7E6105}.Release|x86.ActiveCfg = Release|Win32
		{584EBEE6-EEC0-4DEF-A669-4F14FF7E6105}.Release|x86.Build.0 = Release|Win32
		{B9EAD198-6B9A-474A-922F-ACE1A40F006F}.Debug|x64.ActiveCfg = Debug|x64
		{B9EAD198-6B9A-474A-922F-ACE1A40F006F}.Debug|x64.Build.0 = Debug|x64
		{B9EAD198-6B9A-474A-922F-ACE1A40F006F}.Debug|x86.ActiveCfg = Debug|Win32
		{B9EAD198-6B9A-474A-922F-ACE1A40F006F}.Debug|x86.Build.0 = Debug|Win32
		{B9EAD198-6B9A-474A-922F-ACE1A40F006F}.Release|x64.ActiveCfg = Release|x64
		{B9EAD198-6B9A-474A-922F-ACE1A40F006F}.Release|x64.Build.0 = Release|x64
		{B9EAD198-6B9A-474A-922F-ACE1A40F006F}.Release|x86.ActiveCfg = Release|Win32
		{B9EAD198-6B9A-474A-922F-ACE1A40F006F}.Release|x86.Build.0 = Release|Win32
		{754DBDF5-D5E1-4A2A-8807-1DEEE2032F2D}.Debug|x64.ActiveCfg = Debug|x64
		{754DBDF5-D5E1-4A2A-8807-1DEEE2032F2D}.Debug|x64.Build.0 = Debug|x64
		{754DBDF5-D5E1-4A2A-8807-1DEEE2032F2D}.Debug|x86.ActiveCfg = Debug|Win32
		{754DBDF5-D5E1-4A2A-8807-1DEEE2032F2D}.Debug|x86.Build.0 = Debug|Win32
		{754DBDF5-D5E1-4A2A-8807-1DEEE2032F2D}.Release|x64.ActiveCfg = Release|x64
		{754DBDF5-D5E1-4A2A-8807-1DEEE2032F2D}.Release|x64.Build.0 = Release|x64
		{754DBDF5-D5E1-4A2A-8807-1DEEE2032F2D}.Release|x86.ActiveCfg = Release|Win32
		{754DBDF5-D5E1-4A2A-8807-1DEEE2032F2D}.Release|x86.Build.0 = Release|Win32
		{38FCDF91-231A-4DCF-A026-CFAC2F323258}.Debug|x64.ActiveCfg = Debug|x64
		{38FCDF91-231A-4DCF-A026-CFAC2F323258}.Debug|x64.Build.0 = Debug|x64
		{38FCDF91-231A-4DCF-A026-CFAC2F323258}.Debug|x86.ActiveCfg = Debug|Win32
		{38FCDF91-231A-4DCF-A026-CFAC2F323258}.Debug|x86.Build.0 = Debug|Win32
		{38FCDF91-231A-4DCF-A026-CFAC2F323258}.Release|x64.ActiveCfg = Release|x64
		{38FCDF91-231A-4DCF-A026-CFAC2F323258}.Release|x64.Build.0 = Release|x64
		{38FCDF91-231A-4DCF-A026-CFAC2F323258}.Release|x86.ActiveCfg = Release|Win32
		{38FCDF91-231A-4DCF-A026-CFAC2F323258}.Release|x86.Build.0 = Release|Win32
		{41213209-AD7E-42CA-8A3F-16AE6B1D90CF}.Debug|x64.ActiveCfg = Debug|x64
		{41213209-AD7E-42CA-8A3F-16AE6B1D90CF}.Debug|x64.Build.0 = Debug|x64
		{41213209-AD7E-42CA-8A3F-16AE6B1D90CF}.Debug|x86.ActiveCfg = Debug|Win32
		{41213209-AD7E-42CA-8A3F-16AE6B1D90CF}.Debug|x86.Build.0 = Debug|Win32
		{41213209-AD7E-42CA-8A3F-16AE6B1D90CF}.Release|x64.ActiveCfg = Release|x64
		{41213209-AD7E-42CA-8A3F-16AE6B1D90CF}.Release|x64.Build.0 = Release|x64
		{41213209-AD7E-42CA-8A3F-16AE6B1D90CF}.Release|x86.ActiveCfg = Release|Win32
		{41213209-AD7E-42CA-8A3F-16AE6B1D90CF}.Release|x86.Build.0 = Release|Win32
		{33C0AF3E-8E0F-4F58-96A4-CA5DE69841DF}.Debug|x64.ActiveCfg = Debug|x64
		{33C0AF3E-8E0F-4F58-96A4-CA5DE69841DF}.Debug|x64.Build.0 = Debug|x64
		{33C0AF3E-8E0F-4F58-96A4-CA5DE69841DF}.Debug|x86.ActiveCfg = Debug|Win32
		{33C0AF3E-8E0F-4F58-96A4-CA5DE69841DF}.Debug|x86.Build.0 = Debug|Win32
		{33C0AF3E-8E0F-4F58-96A4-CA5DE69841DF}.Release|x64.ActiveCfg = Release|x64
		{33C0AF3E-8E0F-4F58-96A4-CA5DE69841DF}.Release|x64.Build.0 = Release|x64
		{33C0AF3E-8E0F-4F58-96A4-CA5DE69841DF}.Release|x86.ActiveCfg = Release|Win32
		{33C0AF3E-8E0F-4F58-96A4-CA5DE69841DF}.Release|x86.Build.0 = Release|Win32
		{0B7689D3-3B44-43EA-A149-89CFEF1C4A75}.Debug|x64.ActiveCfg = Debug|x64
		{0B7689D3-3B44-43EA-A149-89CFEF1C4A75}.Debug|x64.Build.0 = Debug|x64
		{0B7689D3-3B44-43EA-A149-89CFEF1C4A75}.Debug|x86.ActiveCfg = Debug|Win32
		{0B7689D3-3B44-43EA-A149-89CFEF1C4A75}.Debug|x86.Build.0 = Debug|Win32
		{0B7689D3-3B44-43EA-A149-89CFEF1C4A75}.Release|x64.ActiveCfg = Release|x64
		{0B7689D3-3B44-43EA-A149-89CFEF1C4A75}.Release|x64.Build.0 = Release|x64
		{0B7689D3-3B44-43EA-A149-89CFEF1C4A75}.Release|x86.ActiveCfg = Release|Win32
		{0B7689D3-3B44-43EA-A149-89CFEF1C4A75}.Release|x86.Build.0 = Release|Win32
		{9CF500B2-11C6-44DE-A1ED-B375E1D42ED8}.Debug|x64.ActiveCfg = Debug|x64
		{9CF500B2-11C6-44DE-A1ED-B375E1D42ED8}.Debug|x64.Build.0 = Debug|x64
		{9CF500B2-11C6-44DE-A1ED-B375E1D42ED8}.Debug|x86.ActiveCfg = Debug|Win32
		{9CF500B2-11C6-44DE-A1ED-B375E1D42ED8}.Debug|x86.Build.0 = Debug|Win32
		{9CF500B2-11C6-44DE-A1ED-B375E1D42ED8}.Release|x64.ActiveCfg = Release|x64
		{9CF500B2-11C6-44DE-A1ED-B375E1D42ED8}.Release|x64.Build.0 = Release|x64
		{9CF500B2-11C6-44DE-A1ED-B375E1D42ED8}.Release|x86.ActiveCfg = Release|Win32
		{9CF500B2-11C6-44DE-A1ED-B375E1D42ED8}.Release|x86.Build.0 = Release|Win32
		{7F20580F-D43A-49BB-B288-EBAD2374F39E}.Debug|x64.ActiveCfg = Debug|x64
		{7F20580F-D43A-49BB-B288-EBAD2374F39E}.Debug|x64.Build.0 = Debug|x64
		{7F20580F-D43A-49BB-B288-EBAD2374F39E}.Debug|x86.ActiveCfg = Debug|Win32
		{7F20580F-D43A-49BB-B288-EBAD2374F39E}.Debug|x86.Build.0 = Debug|Win32
		{7F20580F-D43A-49BB-B288-EBAD2374F39E}.Release|x64.ActiveCfg = Release|x64
		{7F20580F-D43A-49BB-B288-EBAD2374F39E}.Release|x64.Build.0 = Release|x64
		{7F20580F-D43A-49BB-B288-EBAD2374F39E}.Release|x86.ActiveCfg = Release|Win32
		{7F20580F-D43A-49BB-B288-EBAD2374F39E}.Release|x86.Build.0 = Release|Win32
		{63529F48-DBA0-4958-9131-225FFF3327BA}.Debug|x64.ActiveCfg = Debug|x64
		{63529F48-DBA0-4958-9131-225FFF3327BA}.Debug|x64.Build.0 = Debug|x64
		{63529F48-DBA0-4958-9131-225FFF3327BA}.Debug|x86.ActiveCfg = Debug|Win32
		{63529F48-DBA0-4958-9131-225FFF3327BA}.Debug|x86.Build.0 = Debug|Win32
		{63529F48-DBA0-4958-9131-225FFF3327BA}.Release|x64.ActiveCfg = Release|x64
		{63529F48-DBA0-4958-9131-225FFF3327BA}.Release|x64.Build.0 = Release|x64
		{63529F48-DBA0-4958-9131-225FFF3327BA}.Release|x86.ActiveCfg = Release|Win32
		{63529F48-DBA0-4958-9131-225FFF3327BA}.Release|x86.Build.0 = Release|Win32
		{05B15251-251C-4C8F-9ED4-94056ACB8649}.Debug|x64.ActiveCfg = Debug|x64
		{05B15251-251C-4C8F-9ED4-94056ACB8649}.Debug|x64.Build.0 = Debug|x64
		{05B15251-251C-4C8F-9ED4-94056ACB8649}.Debug|x86.ActiveCfg = Debug|Win32
		{05B15251-251C-4C8F-9ED4-94056ACB8649}.Debug|x86.Build.0 = Debug|Win32
		{05B15251-251C-4C8F-9ED4-94056ACB8649}.Release|x64.ActiveCfg = Release|x64
		{05B15251-251C-4C8F-9ED4-94056ACB8649}.Release|x64.Build.0 = Release|x64
		{05B15251-251C-4C8F-9ED4-94056ACB8649}.Release|x86.ActiveCfg = Release|Win32
		{05B15251-251C-4C8F-9ED4-94056ACB8649}.Release|x86.Build.0 = Release|Win32
		{A34816E7-DF16-47B8-9C31-8C2F148EFA5E}.Debug|x64.ActiveCfg = Debug|x64
		{A34816E7-DF16-47B8-9C31-8C2F148EFA5E}.Debug|x64.Build.0 = Debug|x64
		{A34816E7-DF16-47B8-9C31-8C2F148EFA5E}.Debug|x86.ActiveCfg = Debug|Win32
		{A34816E7-DF16-47B8-9C31-8C2F148EFA5E}.Debug|x86.Build.0 = Debug|Win32
		{A34816E7-DF16-47B8-9C31-8C2F148EFA5E}.Release|x64.ActiveCfg = Release|x64
		{A34816E7-DF16-47B8-9C31-8C2F148EFA5E}.Release|x64.Build.0 = Release|x64
		{A34816E7-DF16-47B8-9C31-8C2F148EFA5E}.Release|x86.ActiveCfg = Release|Win32
		{A34816E7-DF16-47B8-9C31-8C2F148EFA5E}.Release|x86.Build.0 = Release|Win32
		{A94155AA-A145-45DA-B623-7F94367484A8}.Debug|x64.ActiveCfg = Debug|x64
		{A94155AA-A145-45DA-B623-7F94367484A8}.Debug|x64.Build.0 = Debug|x64
		{A94155AA-A145-45DA-B623-7F94367484A8}.Debug|x86.ActiveCfg = Debug|Win32
		{A94155AA-A145-45DA-B623-7F94367484A8}.Debug|x86.Build.0 = Debug|Win32
		{A94155AA-A145-45DA-B623-7F94367484A8}.Release|x64.ActiveCfg = Release|x64
		{A94155AA-A145-45DA-B623-7F94367484A8}.Release|x64.Build.0 = Release|x64
		{A94155AA-A145-45DA-B623-7F94367484A8}.Release|x86.ActiveCfg = Release|Win32
		{A94155AA-A145-45DA-B623-7F94367484A8}.Release|x86.Build.0 = Release|Win32
		{4E96263C-24AB-4728-A2BF-9665F8E3C29D}.Debug|x64.ActiveCfg = Debug|x64
		{4E96263C-24AB-4728-A2BF-9665F8E3C29D}.Debug|x64.Build.0 = Debug|x64
		{4E96263C-24AB-4728-A2BF-9665F8E3C29D}.Debug|x86.ActiveCfg = Debug|Win32
		{4E96263C-24AB-4728-A2BF-9665F8E3C29D}.Debug|x86.Build.0 = Debug|Win32
		{4E96263C-24AB-4728-A2BF-9665F8E3C29D}.Release|x64.ActiveCfg = Release|x64
		{4E96263C-24AB-4728-A2BF-9665F8E3C29D}.Release|x64.Build.0 = Release|x64
		{4E96263C-24AB-4728-A2BF-9665F8E3C29D}.Release|x86.ActiveCfg = Release|Win32
		{4E96263C-24AB-4728-A2BF-9665F8E3C29D}.Release|x86.Build.0 = Release|Win32
		{0973A95A-5028-4635-A359-1AEFD1430BDC}.Debug|x64.ActiveCfg = Debug|x64
		{0973A95A-5028-4635-A359-1AEFD1430BDC}.Debug|x64.Build.0 = Debug|x64
		{0973A95A-5028-4635-A359-1AEFD1430BDC}.Debug|x86.ActiveCfg = Debug|Win32
		{0973A95A-5028-4635-A359-1AEFD1430BDC}.Debug|x86.Build.0 = Debug|Win32
		{0973A95A-5028-4635-A359-1AEFD1430BDC}.Release|x64.ActiveCfg = Release|x64
		{0973A95A-5028-4635-A359-1AEFD1430BDC}.Release|x64.Build.0 = Release|x64
		{0973A95A-5028-4635-A359-1AEFD1430BDC}.Release|x86.ActiveCfg = Release|Win32
		{0973A95A-5028-4635-A359-1AEFD1430BDC}.Release|x86.Build.0 = Release|Win32
		{EE90EE66-0056-4622-B23D-B246DC713EC2}.Debug|x64.ActiveCfg = Debug|x64
		{EE90EE66-0056-4622-B23D-B246DC713EC2}.Debug|x64.Build.0 = Debug|x64
		{EE90EE66-0056-4622-B23D-B246DC713EC2}.Debug|x86.ActiveCfg = Debug|Win32
		{EE90EE66-0056-4622-B23D-B246DC713EC2}.Debug|x86.Build.0 = Debug|Win32
		{EE90EE66-0056-4622-B23D-B246DC713EC2}.Release|x64.ActiveCfg = Release|x64
		{EE90EE66-0056-4622-B23D-B246DC713EC2}.Release|x64.Build.0 = Release|x64
		{EE90EE66-0056-4622-B23D-B246DC713EC2}.Release|x86.ActiveCfg = Release|Win32
		{EE90EE66-0056-4622-B23D-B246DC713EC2}.Release|x86.Build.0 = Release|Win32
		{12892D9E-43EA-414C-A0AF-0A5F552B1447}.Debug|x64.ActiveCfg = Debug|x64
		{12892D9E-43EA-414C-A0AF-0A5F552B1447}.Debug|x64.Build.0 = Debug|x64
		{12892D9E-43EA-414C-A0AF-0A5F552B1447}.Debug|x86.ActiveCfg = Debug|Win32
		{12892D9E-43EA-414C-A0AF-0A5F552B1447}.Debug|x86.Build.0 = Debug|Win32
		{12892D9E-43EA-414C-A0AF-0A5F552B1447}.Release|x64.ActiveCfg = Release|x64
		{12892D9E-43EA-414C-A0AF-0A5F552B1447}.Release|x64.Build.0 = Release|x64
		{12892D9E-43EA-414C-A0AF-0A5F552B1447}.Release|x86.ActiveCfg = Release|Win32
		{12892D9E-43EA-414C-A0AF-0A5F552B1447}.Release|x86.Build.0 = Release|Win32
		{059634B7-372B-4C5B-8439-CE3596D0E9BE}.Debug|x64.ActiveCfg = Debug|x64
		{059634B7-372B-4C5B-8439-CE3596D0E9BE}.Debug|x64.Build.0 = Debug|x64
		{059634B7-372B-4C5B-8439-CE3596D0E9BE}.Debug|x86.ActiveCfg = Debug|Win32
		{059634B7-372B-4C5B-8439-CE3596D0E9BE}.Debug|x86.Build.0 = Debug|Win32
		{059634B7-372B-4C5B-8439-CE3596D0E9BE}.Release|x64.ActiveCfg = Release|x64
		{059634B7-372B-4C5B-8439-CE3596D0E9BE}.Release|x64.Build.0 = Release|x64
		{059634B7-372B-4C5B-8439-CE3596D0E9BE}.Release|x86.ActiveCfg = Release|Win32
		{059634B7-372B-4C5B-8439-CE3596D0E9BE}.Release|x86.Build.0 = Release|Win32
		{1AFFC72E-05CA-4609-B580-81360AA7515A}.Debug|x64.ActiveCfg = Debug|x64
		{1AFFC72E-05CA-4609-B580-81360AA7515A}.Debug|x64.Build.0 = Debug|x64
		{1AFFC72E-05CA-4609-B580-81360AA7515A}.Debug|x86.ActiveCfg = Debug|Win32
		{1AFFC72E-05CA-4609-B580-81360AA7515A}.Debug|x86.Build.0 = Debug|Win32
		{1AFFC72E-05CA-4609-B580-81360AA7515A}.Release|x64.ActiveCfg = Release|x64
		{1AFFC72E-05CA-4609-B580-81360AA7515A}.Release|x64.Build.0 = Release|x64
		{1AFFC72E-05CA-4609-B580-81360AA7515A}.Release|x86.ActiveCfg = Release|Win32
		{1AFFC72E-05CA-4609-B580-81360AA7515A}.Release|x86.Build.0 = Release|Win32
		{C6764D7F-9825-4009-B3BF-B495C0C83C24}.Debug|x64.ActiveCfg = Debug|x64
		{C6764D7F-9825-4009-B3BF-B495C0C83C24}.Debug|x64.Build.0 = Debug|x64
		{C6764D7F-9825-4009-B3BF-B495C0C83C24}.Debug|x86.ActiveCfg = Debug|Win32
		{C6764D7F-9825-4009-B3BF-B495C0C83C24}.Debug|x86.Build.0 = Debug|Win32
		{C6764D7F-9825-4009-B3BF-B495C0C83C24}.Release|x64.ActiveCfg = Release|x64
		{C6764D7F-9825-4009-B3BF-B495C0C83C24}.Release|x64.Build.0 = Release|x64
		{C6764D7F-9825-4009-B3BF-B495C0C83C24}.Release|x86.ActiveCfg = Release|Win32
		{C6764D7F-9825-4009-B3BF-B495C0C83C24}.Release|x86.Build.0 = Release|Win32
		{BA7B4E00-289D-4009-97E2-C367F86B37EC}.Debug|x64.ActiveCfg = Debug|x64
		{BA7B4E00-289D-4009-97E2-C367F86B37EC}.Debug|x64.Build.0 = Debug|x64
		{BA7B4E00-289D-4009-97E2-C367F86B37EC}.Debug|x86.ActiveCfg = Debug|Win32
		{BA7B4E00-289D-4009-97E2-C367F86B37EC}.Debug|x86.Build.0 = Debug|Win32
		{BA7B4E00-289D-4009-97E2-C367F86B37EC}.Release|x64.ActiveCfg = Release|x64
		{BA7B4E00-289D-4009-97E2-C367F86B37EC}.Release|x64.Build.0 = Release|x64
		{BA7B4E00-289D-4009-97E2-C367F86B37EC}.Release|x86.ActiveCfg = Release|Win32
		{BA7B4E00-289D-4009-97E2-C367F86B37EC}.Release|x86.Build.0 = Release|Win32
		{DB79D87C-528E-4A78-859C-36F5DDD1101C}.Debug|x64.ActiveCfg = Debug|x64
		{DB79D87C-528E-4A78-859C-36F5DDD1101C}.Debug|x64.Build.0 = Debug|x64
		{DB79D87C-528E-4A78-859C-36F5DDD1101C}.Debug|x86.ActiveCfg = Debug|Win32
		{DB79D87C-528E-4A78-859C-36F5DDD1101C}.Debug|x86.Build.0 = Debug|Win32
		{DB79D87C-528E-4A78-859C-36F5DDD1101C}.Release|x64.ActiveCfg = Release|x64
		{DB79D87C-528E-4A78-859C-36F5DDD1101C}.Release|x64.Build.0 = Release|x64
		{DB79D87C-528E-4A78-859C-36F5DDD1101C}.Release|x86.ActiveCfg = Release|Win32
		{DB79D87C-528E-4A78-859C-36F5DDD1101C}.Release|x86.Build.0 = Release|Win32
		{B3035C9C-FBFA-4BB6-BAA0-C43B21EB1866}.Debug|x64.ActiveCfg = Debug|x64
		{B3035C9C-FBFA-4BB6-BAA0-C43B21EB1866}.Debug|x64.Build.0 = Debug|x64
		{B3035C9C-FBFA-4BB6-BAA0-C43B21EB1866}.Debug|x86.ActiveCfg = Debug|Win32
		{B3035C9C-FBFA-4BB6-BAA0-C43B21EB1866}.Debug|x86.Build.0 = Debug|Win32
		{B3035C9C-FBFA-4BB6-BAA0-C43B21EB1866}.Release|x64.ActiveCfg = Release|x64
		{B3035C9C-FBFA-4BB6-BAA0-C43B21EB1866}.Release|x64.Build.0 = Release|x64
		{B3035C9C-FBFA-4BB6-BAA0-C43B21EB1866}.Release|x86.ActiveCfg = Release|Win32
		{B3035C9C-FBFA-4BB6-BAA0-C43B21EB1866}.Release|x86.Build.0 = Release|Win32
		{082BA9DE-4B58-4DFA-9D33-426BAA317057}.Debug|x64.ActiveCfg = Debug|x64
		{082BA9DE-4B58-4DFA-9D33-426BAA317057}.Debug|x64.Build.0 = Debug|x64
		{082BA9DE-4B58-4DFA-9D33-426BAA317057}.Debug|x86.ActiveCfg = Debug|Win32
		{082BA9DE-4B58-4DFA-9D33-426BAA317057}.Debug|x86.Build.0 = Debug|Win32
		{082BA9DE-4B58-4DFA-9D33-426BAA317057}.Release|x64.ActiveCfg = Release|x64
		{082BA9DE-4B58-4DFA-9D33-426BAA317057}.Release|x64.Build.0 = Release|x64
		{082BA9DE-4B58-4DFA-9D33-426BAA317057}.Release|x86.ActiveCfg = Release|Win32
		{082BA9DE-4B58-4DFA-9D33-426BAA317057}.Release|x86.Build.0 = Release|Win32
		{DF70C832-B8DB-4FA2-A913-994BB038039D}.Debug|x64.ActiveCfg = Debug|x64
		{DF70C832-B8DB-4FA2-A913-994BB038039D}.Debug|x64.Build.0 = Debug|x64
		{DF70C832-B8DB-4FA2-A913-994BB038039D}.Debug|x86.ActiveCfg = Debug|Win32
		{DF70C832-B8DB-4FA2-A913-994BB038039D}.Debug|x86.Build.0 = Debug|Win32
		{DF70C832-B8DB-4FA2-A913-994BB038039D}.Release|x64.ActiveCfg = Release|x64
		{DF70C832-B8DB-4FA2-A913-994BB038039D}.Release|x64.Build.0 = Release|x64
		{DF70C832-B8DB-4FA2-A913-994BB038039D}.Release|x86.ActiveCfg = Release|Win32
		{DF70C832-B8DB-4FA2-A913-994BB038039D}.Release|x86.Build.0 = Release|Win32
		{ECACF6D9-4C30-4087-ABC7-0CA567F2B86B}.Debug|x64.ActiveCfg = Debug|x64
		{ECACF6D9-4C30-4087-ABC7-0CA567F2B86B}.Debug|x64.Build.0 = Debug|x64
		{ECACF6D9-4C30-4087-ABC7-0CA567F2B86B}.Debug|x86.ActiveCfg = Debug|Win32
		{ECACF6D9-4C30-4087-ABC7-0CA567F2B86B}.Debug|x86.Build.0 = Debug|Win32
		{ECACF6D9-4C30-4087-ABC7-0CA567F2B86B}.Release|x64.ActiveCfg = Release|x64
		{ECACF6D9-4C30-4087-ABC7-0CA567F2B86B}.Release|x64.Build.0 = Release|x64
		{ECACF6D9-4C30-4087-ABC7-0CA567F2B86B}.Release|x86.ActiveCfg = Release|Win32
		{ECACF6D9-4C30-4087-ABC7-0CA567F2B86B}.Release|x86.Build.0 = Release|Win32
		{9A129A4B-6BC6-48B9-AC9A-643908F9E73F}.Debug|x64.ActiveCfg = Debug|x64
		{9A129A4B-6BC6-48B9-AC9A-643908F9E73F}.Debug|x64.Build.0 = Debug|x64
		{9A129A4B-6BC6-48B9-AC9A-643908F9E73F}.Debug|x86.ActiveCfg = Debug|Win32
		{9A129A4B-6BC6-48B9-AC9A-643908F9E73F}.Debug|x86.Build.0 = Debug|Win32
		{9A129A4B-6BC6-48B9-AC9A-643908F9E73F}.Release|x64.ActiveCfg = Release|x64
		{9A129A4B-6BC6-48B9-AC9A-643908F9E73F}.Release|x64.Build.0 = Release|x64
		{9A129A4B-6BC6-48B9-AC9A-643908F9E73F}.Release|x86.ActiveCfg = Release|Win32
		{9A129A4B-6BC6-48B9-AC9A-643908F9E73F}.Release|x86.Build.0 = Release|Win32
		{F3DC0C7E-62FB-46BC-9DFE-3131D2E4FE50}.Debug|x64.ActiveCfg = Debug|x64
		{F3DC0C7E-62FB-46BC-9DFE-3131D2E4FE50}.Debug|x64.Build.0 = Debug|x64
		{F3DC0C7E-62FB-46BC-9DFE-3131D2E4FE50}.Debug|x86.ActiveCfg = Debug|Win32
		{F3DC0C7E-62FB-46BC-9DFE-3131D2E4FE50}.Debug|x86.Build.0 = Debug|Win32
		{F3DC0C7E-62FB-46BC-9DFE-3131D2E4FE50}.Release|x64.ActiveCfg = Release|x64
		{F3DC0C7E-62FB-46BC-9DFE-3131D2E4FE50}.Release|x64.Build.0 = Release|x64
		{F3DC0C7E-62FB-46BC-9DFE-3131D2E4FE50}.Release|x86.ActiveCfg = Release|Win32
		{F3DC0C7E-62FB-46BC-9DFE-3131D2E4FE50}.Release|x86.Build.0 = Release|Win32
		{6CEBF715-2BC7-4E02-AAE8-2A697F13CDAA}.Debug|x64.ActiveCfg = Debug|x64
		{6CEBF715-2BC7-4E02-AAE8-2A697F13CDAA}.Debug|x64.Build.0 = Debug|x64
		{6CEBF715-2BC7-4E02-AAE8-2A697F13CDAA}.Debug|x86.ActiveCfg = Debug|Win32
		{6CEBF715-2BC7-4E02-AAE8-2A697F13CDAA}.Debug|x86.Build.0 = Debug|Win32
		{6CEBF715-2BC7-4E02-AAE8-2A697F13CDAA}.Release|x64.ActiveCfg = Release|x64
		{6CEBF715-2BC7-4E02-AAE8-2A697F13CDAA}.Release|x64.Build.0 = Release|x64
		{6CEBF715-2BC7-4E02-AAE8-2A697F13CDAA}.Release|x86.ActiveCfg = Release|Win32
		{6CEBF715-2BC7-4E02-AAE8-2A697F13CDAA}.Release|x86.Build.0 = Release|Win32
		{FFB4B6DF-6F83-4689-95A6-F5E69DE18812}.Debug|x64.ActiveCfg = Debug|x64
		{FFB4B6DF-6F83-4689-95A6-F5E69DE18812}.Debug|x64.Build.0 = Debug|x64
		{FFB4B6DF-6F83-4689-95A6-F5E69DE18812}.Debug|x86.ActiveCfg = Debug|Win32
		{FFB4B6DF-6F83-4689-95A6-F5E69DE18812}.Debug|x86.Build.0 = Debug|Win32
		{FFB4B6DF-6F83-4689-95A6-F5E69DE18812}.Release|x64.ActiveCfg = Release|x64
		{FFB4B6DF-6F83-4689-95A6-F5E69DE18812}.Release|x64.Build.0 = Release|x64
		{FFB4B6DF-6F83-4689-95A6-F5E69DE18812}.Release|x86.ActiveCfg = Release|Win32
		{FFB4B6DF-6F83-4689-95A6-F5E69DE18812}.Release|x86.Build.0 = Release|Win32
		{64AB9068-6CDC-4664-8E85-9E55D6F889B1}.Debug|x64.ActiveCfg = Debug|x64
		{64AB9068-6CDC-4664-8E85-9E55D6F889B1}.Debug|x64.Build.0 = Debug|x64
		{64AB9068-6CDC-4664-8E85-9E55D6F889B1}.Debug|x86.ActiveCfg = Debug|Win32
		{64AB9068-6CDC-4664-8E85-9E55D6F889B1}.Debug|x86.Build.0 = Debug|Win32
		{64AB9068-6CDC-4664-8E85-9E55D6F889B1}.Release|x64.ActiveCfg = Release|x64
		{64AB9068-6CDC-4664-8E85-9E55D6F889B1}.Release|x64.Build.0 = Release|x64
		{64AB9068-6CDC-4664-8E85-9E55D6F889B1}.Release|x86.ActiveCfg = Release|Win32
		{64AB9068-6CDC-4664-8E85-9E55D6F889B1}.Release|x86.Build.0 = Release|Win32
		{A012FC65-5C93-41E9-A8EA-A2EBBACD0F1F}.Debug|x64.ActiveCfg = Debug|x64
		{A012FC65-5C93-41E9-A8EA-A2EBBACD0F1F}.Debug|x64.Build.0 = Debug|x64
		{A012FC65-5C93-41E9-A8EA-A2EBBACD0F1F}.Debug|x86.ActiveCfg = Debug|Win32
		{A012FC65-5C93-41E9-A8EA-A2EBBACD0F1F}.Debug|x86.Build.0 = Debug|Win32
		{A012FC65-5C93-41E9-A8EA-A2EBBACD0F1F}.Release|x64.ActiveCfg = Release|x64
		{A012FC65-5C93-41E9-A8EA-A2EBBACD0F1F}.Release|x64.Build.0 = Release|x64
		{A012FC65-5C93-41E9-A8EA-A2EBBACD0F1F}.Release|x86.ActiveCfg = Release|Win32
		{A012FC65-5C93-41E9-A8EA-A2EBBACD0F1F}.Release|x86.Build.0 = Release|Win32
		{94F4DDC8-9241-4431-A7D7-6ABE2229B93F}.Debug|x64.ActiveCfg = Debug|x64
		{94F4DDC8-9241-4431-A7D7-6ABE2229B93F}.Debug|x64.Build.0 = Debug|x64
		{94F4DDC8-9241-4431-A7D7-6ABE2229B93F}.Debug|x86.ActiveCfg = Debug|Win32
		{94F4DDC8-9241-4431-A7D7-6ABE2229B93F}.Debug|x86.Build.0 = Debug|Win32
		{94F4DDC8-9241-4431-A7D7-6ABE2229B93F}.Release|x64.ActiveCfg = Release|x64
		{94F4DDC8-9241-4431-A7D7-6ABE2229B93F}.Release|x64.Build.0 = Release|x64
		{94F4DDC8-9241-4431-A7D7-6ABE2229B93F}.Release|x86.ActiveCfg = Release|Win32
		{94F4DDC8-9241-4431-A7D7-6ABE2229B93F}.Release|x86.Build.0 = Release|Win32
		{7FFEDC36-AF5B-448B-BF1C-971FC8429655}.Debug|x64.ActiveCfg = Debug|x64
		{7FFEDC36-AF5B-448B-BF1C-971FC8429655}.Debug|x64.Build.0 = Debug|x64
		{7FFEDC36-AF5B-448B-BF1C-971FC8429655}.Debug|x86.ActiveCfg = Debug|Win32
		{7FFEDC36-AF5B-448B-BF1C-971FC8429655}.Debug|x86.Build.0 = Debug|Win32
		{7FFEDC36-AF5B-448B-BF1C-971FC8429655}.Release|x64.ActiveCfg = Release|x64
		{7FFEDC36-AF5B-448B-BF1C-971FC8429655}.Release|x64.Build.0 = Release|x64
		{7FFEDC36-AF5B-448B-BF1C-971FC8429655}.Release|x86.ActiveCfg = Release|Win32
		{7FFEDC36-AF5B-448B-BF1C-971FC8429655}.Release|x86.Build.0 = Release|Win32
		{2172EE6C-91AA-4C66-81D6-BA49C12EC26B}.Debug|x64.ActiveCfg = Debug|x64
		{2172EE6C-91AA-4C66-81D6-BA49C12EC26B}.Debug|x64.Build.0 = Debug|x64
		{2172EE6C-91AA-4C66-81D6-BA49C12EC26B}.Debug|x86.ActiveCfg = Debug|Win32
		{2172EE6C-91AA-4C66-81D6-BA49C12EC26B}.Debug|x86.Build.0 = Debug|Win32
		{2172EE6C-91AA-4C66-81D6-BA49C12EC26B}.Release|x64.ActiveCfg = Release|x64
		{2172EE6C-91AA-4C66-81D6-BA49C12EC26B}.Release|x64.Build.0 = Release|x64
		{2172EE6C-91AA-4C66-81D6-BA49C12EC26B}.Release|x86.ActiveCfg = Release|Win32
		{2172EE6C-91AA-4C66-81D6-BA49C12EC26B}.Release|x86.Build.0 = Release|Win32
	EndGlobalSection
	GlobalSection(SolutionProperties) = preSolution
		HideSolutionNode = FALSE
	EndGlobalSection
EndGlobal
