
Microsoft Visual Studio Solution File, Format Version 12.00
# Visual Studio 14
VisualStudioVersion = 14.0.25420.1
MinimumVisualStudioVersion = 10.0.40219.1
Project("{8BC9CEB8-8B4A-11D0-8D11-00A0C91BC942}") = "VC_FANFUHAN_OPENCV001", "VC_FANFUHAN_OPENCV001\VC_FANFUHAN_OPENCV001.vcxproj", "{0E4CC25B-727F-4DD3-B6DE-B49092B70D2B}"
EndProject
Project("{8BC9CEB8-8B4A-11D0-8D11-00A0C91BC942}") = "VC_FANFUHAN_OPENCV002", "VC_FANFUHAN_OPENCV002\VC_FANFUHAN_OPENCV002.vcxproj", "{7B8DF9A1-8BE8-40D7-9C7F-6B054BC122BF}"
EndProject
Project("{8BC9CEB8-8B4A-11D0-8D11-00A0C91BC942}") = "VC_FANFUHAN_OPENCV003", "VC_FANFUHAN_OPENCV003\VC_FANFUHAN_OPENCV003.vcxproj", "{EF22B071-A035-4E04-B8E2-6380481508F4}"
EndProject
Project("{8BC9CEB8-8B4A-11D0-8D11-00A0C91BC942}") = "VC_FANFUHAN_OPENCV004", "VC_FANFUHAN_OPENCV004\VC_FANFUHAN_OPENCV004.vcxproj", "{256F75C6-E58B-4BBB-87AB-375FC04F9A5E}"
EndProject
Project("{8BC9CEB8-8B4A-11D0-8D11-00A0C91BC942}") = "VC_FANFUHAN_OPENCV005", "VC_FANFUHAN_OPENCV005\VC_FANFUHAN_OPENCV005.vcxproj", "{D01D62EF-E981-4119-ADF1-56C6EE188954}"
EndProject
Project("{8BC9CEB8-8B4A-11D0-8D11-00A0C91BC942}") = "VC_FANFUHAN_OPENCV006", "VC_FANFUHAN_OPENCV006\VC_FANFUHAN_OPENCV006.vcxproj", "{682F949B-1A4B-4D43-B646-C79A2CF4F05E}"
EndProject
Global
	GlobalSection(SolutionConfigurationPlatforms) = preSolution
		Debug|x64 = Debug|x64
		Debug|x86 = Debug|x86
		Release|x64 = Release|x64
		Release|x86 = Release|x86
	EndGlobalSection
	GlobalSection(ProjectConfigurationPlatforms) = postSolution
		{0E4CC25B-727F-4DD3-B6DE-B49092B70D2B}.Debug|x64.ActiveCfg = Debug|x64
		{0E4CC25B-727F-4DD3-B6DE-B49092B70D2B}.Debug|x64.Build.0 = Debug|x64
		{0E4CC25B-727F-4DD3-B6DE-B49092B70D2B}.Debug|x86.ActiveCfg = Debug|Win32
		{0E4CC25B-727F-4DD3-B6DE-B49092B70D2B}.Debug|x86.Build.0 = Debug|Win32
		{0E4CC25B-727F-4DD3-B6DE-B49092B70D2B}.Release|x64.ActiveCfg = Release|x64
		{0E4CC25B-727F-4DD3-B6DE-B49092B70D2B}.Release|x64.Build.0 = Release|x64
		{0E4CC25B-727F-4DD3-B6DE-B49092B70D2B}.Release|x86.ActiveCfg = Release|Win32
		{0E4CC25B-727F-4DD3-B6DE-B49092B70D2B}.Release|x86.Build.0 = Release|Win32
		{7B8DF9A1-8BE8-40D7-9C7F-6B054BC122BF}.Debug|x64.ActiveCfg = Debug|x64
		{7B8DF9A1-8BE8-40D7-9C7F-6B054BC122BF}.Debug|x64.Build.0 = Debug|x64
		{7B8DF9A1-8BE8-40D7-9C7F-6B054BC122BF}.Debug|x86.ActiveCfg = Debug|Win32
		{7B8DF9A1-8BE8-40D7-9C7F-6B054BC122BF}.Debug|x86.Build.0 = Debug|Win32
		{7B8DF9A1-8BE8-40D7-9C7F-6B054BC122BF}.Release|x64.ActiveCfg = Release|x64
		{7B8DF9A1-8BE8-40D7-9C7F-6B054BC122BF}.Release|x64.Build.0 = Release|x64
		{7B8DF9A1-8BE8-40D7-9C7F-6B054BC122BF}.Release|x86.ActiveCfg = Release|Win32
		{7B8DF9A1-8BE8-40D7-9C7F-6B054BC122BF}.Release|x86.Build.0 = Release|Win32
		{EF22B071-A035-4E04-B8E2-6380481508F4}.Debug|x64.ActiveCfg = Debug|x64
		{EF22B071-A035-4E04-B8E2-6380481508F4}.Debug|x64.Build.0 = Debug|x64
		{EF22B071-A035-4E04-B8E2-6380481508F4}.Debug|x86.ActiveCfg = Debug|Win32
		{EF22B071-A035-4E04-B8E2-6380481508F4}.Debug|x86.Build.0 = Debug|Win32
		{EF22B071-A035-4E04-B8E2-6380481508F4}.Release|x64.ActiveCfg = Release|x64
		{EF22B071-A035-4E04-B8E2-6380481508F4}.Release|x64.Build.0 = Release|x64
		{EF22B071-A035-4E04-B8E2-6380481508F4}.Release|x86.ActiveCfg = Release|Win32
		{EF22B071-A035-4E04-B8E2-6380481508F4}.Release|x86.Build.0 = Release|Win32
		{256F75C6-E58B-4BBB-87AB-375FC04F9A5E}.Debug|x64.ActiveCfg = Debug|x64
		{256F75C6-E58B-4BBB-87AB-375FC04F9A5E}.Debug|x64.Build.0 = Debug|x64
		{256F75C6-E58B-4BBB-87AB-375FC04F9A5E}.Debug|x86.ActiveCfg = Debug|Win32
		{256F75C6-E58B-4BBB-87AB-375FC04F9A5E}.Debug|x86.Build.0 = Debug|Win32
		{256F75C6-E58B-4BBB-87AB-375FC04F9A5E}.Release|x64.ActiveCfg = Release|x64
		{256F75C6-E58B-4BBB-87AB-375FC04F9A5E}.Release|x64.Build.0 = Release|x64
		{256F75C6-E58B-4BBB-87AB-375FC04F9A5E}.Release|x86.ActiveCfg = Release|Win32
		{256F75C6-E58B-4BBB-87AB-375FC04F9A5E}.Release|x86.Build.0 = Release|Win32
		{D01D62EF-E981-4119-ADF1-56C6EE188954}.Debug|x64.ActiveCfg = Debug|x64
		{D01D62EF-E981-4119-ADF1-56C6EE188954}.Debug|x64.Build.0 = Debug|x64
		{D01D62EF-E981-4119-ADF1-56C6EE188954}.Debug|x86.ActiveCfg = Debug|Win32
		{D01D62EF-E981-4119-ADF1-56C6EE188954}.Debug|x86.Build.0 = Debug|Win32
		{D01D62EF-E981-4119-ADF1-56C6EE188954}.Release|x64.ActiveCfg = Release|x64
		{D01D62EF-E981-4119-ADF1-56C6EE188954}.Release|x64.Build.0 = Release|x64
		{D01D62EF-E981-4119-ADF1-56C6EE188954}.Release|x86.ActiveCfg = Release|Win32
		{D01D62EF-E981-4119-ADF1-56C6EE188954}.Release|x86.Build.0 = Release|Win32
		{682F949B-1A4B-4D43-B646-C79A2CF4F05E}.Debug|x64.ActiveCfg = Debug|x64
		{682F949B-1A4B-4D43-B646-C79A2CF4F05E}.Debug|x64.Build.0 = Debug|x64
		{682F949B-1A4B-4D43-B646-C79A2CF4F05E}.Debug|x86.ActiveCfg = Debug|Win32
		{682F949B-1A4B-4D43-B646-C79A2CF4F05E}.Debug|x86.Build.0 = Debug|Win32
		{682F949B-1A4B-4D43-B646-C79A2CF4F05E}.Release|x64.ActiveCfg = Release|x64
		{682F949B-1A4B-4D43-B646-C79A2CF4F05E}.Release|x64.Build.0 = Release|x64
		{682F949B-1A4B-4D43-B646-C79A2CF4F05E}.Release|x86.ActiveCfg = Release|Win32
		{682F949B-1A4B-4D43-B646-C79A2CF4F05E}.Release|x86.Build.0 = Release|Win32
	EndGlobalSection
	GlobalSection(SolutionProperties) = preSolution
		HideSolutionNode = FALSE
	EndGlobalSection
EndGlobal
